
Microsoft Visual Studio Solution File, Format Version 12.00
# Visual Studio Version 17
VisualStudioVersion = 17.7.34024.191
MinimumVisualStudioVersion = 10.0.40219.1
Project("{FAE04EC0-301F-11D3-BF4B-00C04F79EFBC}") = "JSON", "JSON\JSON.csproj", "{E0245251-342D-48EC-8E7F-AF9781359947}"
EndProject
Global
	GlobalSection(SolutionConfigurationPlatforms) = preSolution
		Debug|Any CPU = Debug|Any CPU
		Release|Any CPU = Release|Any CPU
	EndGlobalSection
	GlobalSection(ProjectConfigurationPlatforms) = postSolution
		{E0245251-342D-48EC-8E7F-AF9781359947}.Debug|Any CPU.ActiveCfg = Debug|Any CPU
		{E0245251-342D-48EC-8E7F-AF9781359947}.Debug|Any CPU.Build.0 = Debug|Any CPU
		{E0245251-342D-48EC-8E7F-AF9781359947}.Release|Any CPU.ActiveCfg = Release|Any CPU
		{E0245251-342D-48EC-8E7F-AF9781359947}.Release|Any CPU.Build.0 = Release|Any CPU
	EndGlobalSection
	GlobalSection(SolutionProperties) = preSolution
		HideSolutionNode = FALSE
	EndGlobalSection
	GlobalSection(ExtensibilityGlobals) = postSolution
		SolutionGuid = {43CFC137-6454-4B57-A740-4211A8C75E49}
	EndGlobalSection
EndGlobal
